
Microsoft Visual Studio Solution File, Format Version 12.00
# Visual Studio Version 16
VisualStudioVersion = 16.0.30611.23
MinimumVisualStudioVersion = 10.0.40219.1
Project("{FAE04EC0-301F-11D3-BF4B-00C04F79EFBC}") = "ConsoleHermit", "ConsoleHermit.csproj", "{7DEBF17D-A517-4680-8EB6-C5FA9A689934}"
EndProject
Global
	GlobalSection(SolutionConfigurationPlatforms) = preSolution
		Debug|Any CPU = Debug|Any CPU
		Release|Any CPU = Release|Any CPU
	EndGlobalSection
	GlobalSection(ProjectConfigurationPlatforms) = postSolution
		{7DEBF17D-A517-4680-8EB6-C5FA9A689934}.Debug|Any CPU.ActiveCfg = Debug|Any CPU
		{7DEBF17D-A517-4680-8EB6-C5FA9A689934}.Debug|Any CPU.Build.0 = Debug|Any CPU
		{7DEBF17D-A517-4680-8EB6-C5FA9A689934}.Release|Any CPU.ActiveCfg = Release|Any CPU
		{7DEBF17D-A517-4680-8EB6-C5FA9A689934}.Release|Any CPU.Build.0 = Release|Any CPU
	EndGlobalSection
	GlobalSection(SolutionProperties) = preSolution
		HideSolutionNode = FALSE
	EndGlobalSection
	GlobalSection(ExtensibilityGlobals) = postSolution
		SolutionGuid = {4E287126-4DCE-44D7-AD85-1B0DDD6367BA}
	EndGlobalSection
EndGlobal
